
Microsoft Visual Studio Solution File, Format Version 12.00
# Visual Studio Version 17
VisualStudioVersion = 17.2.32519.379
MinimumVisualStudioVersion = 10.0.40219.1
Project("{2150E333-8FDC-42A3-9474-1A3956D46DE8}") = "Solution Items", "Solution Items", "{21E4D09E-43A8-4A3B-85BE-FA977FD0807C}"
	ProjectSection(SolutionItems) = preProject
		ServiceUrls.txt = ServiceUrls.txt
	EndProjectSection
EndProject
Project("{2150E333-8FDC-42A3-9474-1A3956D46DE8}") = "src", "src", "{3F78E9AE-F7A9-407F-B9A5-DBAF0BB3080C}"
EndProject
Project("{2150E333-8FDC-42A3-9474-1A3956D46DE8}") = "ApiGateways", "ApiGateways", "{0DA476AE-AE7C-431F-B498-7149B745FF5B}"
EndProject
Project("{2150E333-8FDC-42A3-9474-1A3956D46DE8}") = "BuildingBlocks", "BuildingBlocks", "{C6695E55-DCCE-45C4-AB84-6E7DCA2E5D9E}"
EndProject
Project("{2150E333-8FDC-42A3-9474-1A3956D46DE8}") = "Services", "Services", "{DC52F862-D820-498B-9895-198D0CA441F4}"
EndProject
Project("{2150E333-8FDC-42A3-9474-1A3956D46DE8}") = "Clients", "Clients", "{548DA8CF-85BD-48EE-9B68-A59B9712015E}"
EndProject
Project("{FAE04EC0-301F-11D3-BF4B-00C04F79EFBC}") = "Web.ApiGateway", "src\ApiGateways\Web.ApiGateway\Web.ApiGateway.csproj", "{5EE2A203-541B-4850-A161-3388A3F1D086}"
EndProject
Project("{2150E333-8FDC-42A3-9474-1A3956D46DE8}") = "EventBus", "EventBus", "{50967E46-FECC-4257-8126-802423859616}"
EndProject
Project("{FAE04EC0-301F-11D3-BF4B-00C04F79EFBC}") = "EventBus.Base", "src\BuildingBlocks\EventBus\EventBus.Base\EventBus.Base.csproj", "{FF9B4A42-B5D6-4345-AC4C-D78E5773F2EF}"
EndProject
Project("{FAE04EC0-301F-11D3-BF4B-00C04F79EFBC}") = "EventBus.Factory", "src\BuildingBlocks\EventBus\EventBus.Factory\EventBus.Factory.csproj", "{D9B291E1-65D4-4839-A415-9AB34190C7F5}"
EndProject
Project("{FAE04EC0-301F-11D3-BF4B-00C04F79EFBC}") = "EventBus.RabbitMQ", "src\BuildingBlocks\EventBus\EventBus.RabbitMQ\EventBus.RabbitMQ.csproj", "{F78EB86A-EB27-40D9-A87A-F0B3BAE6805C}"
EndProject
Project("{FAE04EC0-301F-11D3-BF4B-00C04F79EFBC}") = "EventBus.Azure", "src\BuildingBlocks\EventBus\EventBus.Azure\EventBus.Azure.csproj", "{92EC9CCF-8499-42BD-9C00-3427C067E2E2}"
EndProject
Project("{2150E333-8FDC-42A3-9474-1A3956D46DE8}") = "ContactService", "ContactService", "{96DEE848-E687-4252-BC0D-A20CE6172B68}"
EndProject
Project("{FAE04EC0-301F-11D3-BF4B-00C04F79EFBC}") = "ContactService.Api", "src\Services\ContactService\ContactService.Api\ContactService.Api.csproj", "{B726569E-BE3A-48CC-9964-38D746A66A98}"
EndProject
Project("{2150E333-8FDC-42A3-9474-1A3956D46DE8}") = "ReportService", "ReportService", "{7E086327-14BD-47EE-A527-0447063855A2}"
EndProject
Project("{FAE04EC0-301F-11D3-BF4B-00C04F79EFBC}") = "ReportService.Api", "src\Services\ReportService\ReportService.Api\ReportService.Api.csproj", "{7531FED9-2709-457D-976B-3DEB3A93CA20}"
EndProject
Project("{2150E333-8FDC-42A3-9474-1A3956D46DE8}") = "IdentityService", "IdentityService", "{47E2F08A-D1FC-41B3-9761-3696B0C8E315}"
EndProject
Project("{FAE04EC0-301F-11D3-BF4B-00C04F79EFBC}") = "IdentityService.Api", "src\Services\IdentityService\IdentityService.Api\IdentityService.Api.csproj", "{035BF5F3-5051-4E44-9C99-EA69691458A2}"
EndProject
Global
	GlobalSection(SolutionConfigurationPlatforms) = preSolution
		Debug|Any CPU = Debug|Any CPU
		Release|Any CPU = Release|Any CPU
	EndGlobalSection
	GlobalSection(ProjectConfigurationPlatforms) = postSolution
		{5EE2A203-541B-4850-A161-3388A3F1D086}.Debug|Any CPU.ActiveCfg = Debug|Any CPU
		{5EE2A203-541B-4850-A161-3388A3F1D086}.Debug|Any CPU.Build.0 = Debug|Any CPU
		{5EE2A203-541B-4850-A161-3388A3F1D086}.Release|Any CPU.ActiveCfg = Release|Any CPU
		{5EE2A203-541B-4850-A161-3388A3F1D086}.Release|Any CPU.Build.0 = Release|Any CPU
		{FF9B4A42-B5D6-4345-AC4C-D78E5773F2EF}.Debug|Any CPU.ActiveCfg = Debug|Any CPU
		{FF9B4A42-B5D6-4345-AC4C-D78E5773F2EF}.Debug|Any CPU.Build.0 = Debug|Any CPU
		{FF9B4A42-B5D6-4345-AC4C-D78E5773F2EF}.Release|Any CPU.ActiveCfg = Release|Any CPU
		{FF9B4A42-B5D6-4345-AC4C-D78E5773F2EF}.Release|Any CPU.Build.0 = Release|Any CPU
		{D9B291E1-65D4-4839-A415-9AB34190C7F5}.Debug|Any CPU.ActiveCfg = Debug|Any CPU
		{D9B291E1-65D4-4839-A415-9AB34190C7F5}.Debug|Any CPU.Build.0 = Debug|Any CPU
		{D9B291E1-65D4-4839-A415-9AB34190C7F5}.Release|Any CPU.ActiveCfg = Release|Any CPU
		{D9B291E1-65D4-4839-A415-9AB34190C7F5}.Release|Any CPU.Build.0 = Release|Any CPU
		{F78EB86A-EB27-40D9-A87A-F0B3BAE6805C}.Debug|Any CPU.ActiveCfg = Debug|Any CPU
		{F78EB86A-EB27-40D9-A87A-F0B3BAE6805C}.Debug|Any CPU.Build.0 = Debug|Any CPU
		{F78EB86A-EB27-40D9-A87A-F0B3BAE6805C}.Release|Any CPU.ActiveCfg = Release|Any CPU
		{F78EB86A-EB27-40D9-A87A-F0B3BAE6805C}.Release|Any CPU.Build.0 = Release|Any CPU
		{92EC9CCF-8499-42BD-9C00-3427C067E2E2}.Debug|Any CPU.ActiveCfg = Debug|Any CPU
		{92EC9CCF-8499-42BD-9C00-3427C067E2E2}.Debug|Any CPU.Build.0 = Debug|Any CPU
		{92EC9CCF-8499-42BD-9C00-3427C067E2E2}.Release|Any CPU.ActiveCfg = Release|Any CPU
		{92EC9CCF-8499-42BD-9C00-3427C067E2E2}.Release|Any CPU.Build.0 = Release|Any CPU
		{B726569E-BE3A-48CC-9964-38D746A66A98}.Debug|Any CPU.ActiveCfg = Debug|Any CPU
		{B726569E-BE3A-48CC-9964-38D746A66A98}.Debug|Any CPU.Build.0 = Debug|Any CPU
		{B726569E-BE3A-48CC-9964-38D746A66A98}.Release|Any CPU.ActiveCfg = Release|Any CPU
		{B726569E-BE3A-48CC-9964-38D746A66A98}.Release|Any CPU.Build.0 = Release|Any CPU
		{7531FED9-2709-457D-976B-3DEB3A93CA20}.Debug|Any CPU.ActiveCfg = Debug|Any CPU
		{7531FED9-2709-457D-976B-3DEB3A93CA20}.Debug|Any CPU.Build.0 = Debug|Any CPU
		{7531FED9-2709-457D-976B-3DEB3A93CA20}.Release|Any CPU.ActiveCfg = Release|Any CPU
		{7531FED9-2709-457D-976B-3DEB3A93CA20}.Release|Any CPU.Build.0 = Release|Any CPU
		{035BF5F3-5051-4E44-9C99-EA69691458A2}.Debug|Any CPU.ActiveCfg = Debug|Any CPU
		{035BF5F3-5051-4E44-9C99-EA69691458A2}.Debug|Any CPU.Build.0 = Debug|Any CPU
		{035BF5F3-5051-4E44-9C99-EA69691458A2}.Release|Any CPU.ActiveCfg = Release|Any CPU
		{035BF5F3-5051-4E44-9C99-EA69691458A2}.Release|Any CPU.Build.0 = Release|Any CPU
	EndGlobalSection
	GlobalSection(SolutionProperties) = preSolution
		HideSolutionNode = FALSE
	EndGlobalSection
	GlobalSection(NestedProjects) = preSolution
		{0DA476AE-AE7C-431F-B498-7149B745FF5B} = {3F78E9AE-F7A9-407F-B9A5-DBAF0BB3080C}
		{C6695E55-DCCE-45C4-AB84-6E7DCA2E5D9E} = {3F78E9AE-F7A9-407F-B9A5-DBAF0BB3080C}
		{DC52F862-D820-498B-9895-198D0CA441F4} = {3F78E9AE-F7A9-407F-B9A5-DBAF0BB3080C}
		{548DA8CF-85BD-48EE-9B68-A59B9712015E} = {3F78E9AE-F7A9-407F-B9A5-DBAF0BB3080C}
		{5EE2A203-541B-4850-A161-3388A3F1D086} = {0DA476AE-AE7C-431F-B498-7149B745FF5B}
		{50967E46-FECC-4257-8126-802423859616} = {C6695E55-DCCE-45C4-AB84-6E7DCA2E5D9E}
		{FF9B4A42-B5D6-4345-AC4C-D78E5773F2EF} = {50967E46-FECC-4257-8126-802423859616}
		{D9B291E1-65D4-4839-A415-9AB34190C7F5} = {50967E46-FECC-4257-8126-802423859616}
		{F78EB86A-EB27-40D9-A87A-F0B3BAE6805C} = {50967E46-FECC-4257-8126-802423859616}
		{92EC9CCF-8499-42BD-9C00-3427C067E2E2} = {50967E46-FECC-4257-8126-802423859616}
		{96DEE848-E687-4252-BC0D-A20CE6172B68} = {DC52F862-D820-498B-9895-198D0CA441F4}
		{B726569E-BE3A-48CC-9964-38D746A66A98} = {96DEE848-E687-4252-BC0D-A20CE6172B68}
		{7E086327-14BD-47EE-A527-0447063855A2} = {DC52F862-D820-498B-9895-198D0CA441F4}
		{7531FED9-2709-457D-976B-3DEB3A93CA20} = {7E086327-14BD-47EE-A527-0447063855A2}
		{47E2F08A-D1FC-41B3-9761-3696B0C8E315} = {DC52F862-D820-498B-9895-198D0CA441F4}
		{035BF5F3-5051-4E44-9C99-EA69691458A2} = {47E2F08A-D1FC-41B3-9761-3696B0C8E315}
	EndGlobalSection
	GlobalSection(ExtensibilityGlobals) = postSolution
		SolutionGuid = {2F908670-26A8-49D7-A68B-71F3ECA4204D}
	EndGlobalSection
EndGlobal
